
Microsoft Visual Studio Solution File, Format Version 12.00
# Visual Studio Version 16
VisualStudioVersion = 16.0.29509.3
MinimumVisualStudioVersion = 10.0.40219.1
Project("{FAE04EC0-301F-11D3-BF4B-00C04F79EFBC}") = "SweetPotato", "SweetPotato.csproj", "{1BF9C10F-6F89-4520-9D2E-AAF17D17BA5E}"
EndProject
Global
	GlobalSection(SolutionConfigurationPlatforms) = preSolution
		Debug|Any CPU = Debug|Any CPU
		Release|Any CPU = Release|Any CPU
	EndGlobalSection
	GlobalSection(ProjectConfigurationPlatforms) = postSolution
		{1BF9C10F-6F89-4520-9D2E-AAF17D17BA5E}.Debug|Any CPU.ActiveCfg = Debug|Any CPU
		{1BF9C10F-6F89-4520-9D2E-AAF17D17BA5E}.Debug|Any CPU.Build.0 = Debug|Any CPU
		{1BF9C10F-6F89-4520-9D2E-AAF17D17BA5E}.Release|Any CPU.ActiveCfg = Release|Any CPU
		{1BF9C10F-6F89-4520-9D2E-AAF17D17BA5E}.Release|Any CPU.Build.0 = Release|Any CPU
	EndGlobalSection
	GlobalSection(SolutionProperties) = preSolution
		HideSolutionNode = FALSE
	EndGlobalSection
	GlobalSection(ExtensibilityGlobals) = postSolution
		SolutionGuid = {2BF3BEBF-0E18-43E5-A34F-BC2C9ABDFEDD}
	EndGlobalSection
EndGlobal
